
Microsoft Visual Studio Solution File, Format Version 12.00
# Visual Studio Version 16
VisualStudioVersion = 16.0.30011.22
MinimumVisualStudioVersion = 10.0.40219.1
Project("{FAE04EC0-301F-11D3-BF4B-00C04F79EFBC}") = "Methoden02.WPF", "Methoden02.WPF\Methoden02.WPF.csproj", "{E778CD1C-8A73-4FD2-BEF1-0FA9AE74DF3E}"
EndProject
Global
	GlobalSection(SolutionConfigurationPlatforms) = preSolution
		Debug|Any CPU = Debug|Any CPU
		Release|Any CPU = Release|Any CPU
	EndGlobalSection
	GlobalSection(ProjectConfigurationPlatforms) = postSolution
		{E778CD1C-8A73-4FD2-BEF1-0FA9AE74DF3E}.Debug|Any CPU.ActiveCfg = Debug|Any CPU
		{E778CD1C-8A73-4FD2-BEF1-0FA9AE74DF3E}.Debug|Any CPU.Build.0 = Debug|Any CPU
		{E778CD1C-8A73-4FD2-BEF1-0FA9AE74DF3E}.Release|Any CPU.ActiveCfg = Release|Any CPU
		{E778CD1C-8A73-4FD2-BEF1-0FA9AE74DF3E}.Release|Any CPU.Build.0 = Release|Any CPU
	EndGlobalSection
	GlobalSection(SolutionProperties) = preSolution
		HideSolutionNode = FALSE
	EndGlobalSection
	GlobalSection(ExtensibilityGlobals) = postSolution
		SolutionGuid = {E8182D3D-A070-40F9-8510-B605162230CE}
	EndGlobalSection
EndGlobal
